<?xml version="1.0" encoding="utf-8"?>
<Project ToolsVersion="4.0" xmlns="http://schemas.microsoft.com/developer/msbuild/2003">
  <ItemGroup>
    <Filter Include="Source Files">
      <UniqueIdentifier>{4FC737F1-C7A5-4376-A066-2A32D752A2FF}</UniqueIdentifier>
      <Extensions>cpp;c;cc;cxx;c++;cppm;ixx;def;odl;idl;hpj;bat;asm;asmx</Extensions>
    </Filter>
    <Filter Include="Source Files\Utils">
      <UniqueIdentifier>{7481e039-ac24-4d1c-af20-369d17daa5c2}</UniqueIdentifier>
    </Filter>
    <Filter Include="Source Files\Hooks">
      <UniqueIdentifier>{8eff9ee3-e1a7-4db7-89ad-5b36f8e00a91}</UniqueIdentifier>
    </Filter>
  </ItemGroup>
  <ItemGroup>
    <ClCompile Include="dllmain.cpp">
      <Filter>Source Files</Filter>
    </ClCompile>
  </ItemGroup>
  <ItemGroup>
    <ClInclude Include="Globals.h">
      <Filter>Source Files</Filter>
    </ClInclude>
    <ClInclude Include="Utils\xorstr.h">
      <Filter>Source Files\Utils</Filter>
    </ClInclude>
    <ClInclude Include="Utils\Defs.h">
      <Filter>Source Files\Utils</Filter>
    </ClInclude>
    <ClInclude Include="Utils\HideImports.h">
      <Filter>Source Files\Utils</Filter>
    </ClInclude>
    <ClInclude Include="Hooks\Hooks.h">
      <Filter>Source Files\Hooks</Filter>
    </ClInclude>
    <ClInclude Include="Hooks\MinHook.h">
      <Filter>Source Files\Hooks</Filter>
    </ClInclude>
    <ClInclude Include="Utils\Utils.h">
      <Filter>Source Files\Utils</Filter>
    </ClInclude>
  </ItemGroup>
</Project>